
Microsoft Visual Studio Solution File, Format Version 12.00
# Visual Studio Version 17
VisualStudioVersion = 17.0.31903.59
MinimumVisualStudioVersion = 10.0.40219.1
Project("{2150E333-8FDC-42A3-9474-1A3956D46DE8}") = "src", "src", "{827E0CD3-B72D-47B6-A68D-7590B98EB39B}"
EndProject
Project("{FAE04EC0-301F-11D3-BF4B-00C04F79EFBC}") = "EmpPortal.Domain", "src\EmpPortal.Domain\EmpPortal.Domain.csproj", "{F0F7673B-3C3C-4BFB-9BB4-B59E496ED210}"
EndProject
Project("{FAE04EC0-301F-11D3-BF4B-00C04F79EFBC}") = "EmpPortal.Application", "src\EmpPortal.Application\EmpPortal.Application.csproj", "{64C73C9D-4DE7-49AB-9C50-6654B96F9082}"
EndProject
Project("{FAE04EC0-301F-11D3-BF4B-00C04F79EFBC}") = "EmpPortal.Infrastructure", "src\EmpPortal.Infrastructure\EmpPortal.Infrastructure.csproj", "{FAC6DCB4-793A-4267-91EC-B0CF2E8BE024}"
EndProject
Project("{FAE04EC0-301F-11D3-BF4B-00C04F79EFBC}") = "EmpPortal.Web", "src\EmpPortal.Web\EmpPortal.Web.csproj", "{1550DB7C-DA23-48CA-BD17-891EB0087042}"
EndProject
Project("{2150E333-8FDC-42A3-9474-1A3956D46DE8}") = "tests", "tests", "{0AB3BF05-4346-4AA6-1389-037BE0695223}"
EndProject
Project("{FAE04EC0-301F-11D3-BF4B-00C04F79EFBC}") = "EmpPortal.Domain.UnitTests", "tests\EmpPortal.Domain.UnitTests\EmpPortal.Domain.UnitTests.csproj", "{81C7882E-9654-4BA1-A0F1-F90F64C17C75}"
EndProject
Project("{FAE04EC0-301F-11D3-BF4B-00C04F79EFBC}") = "EmpPortal.Application.UnitTests", "tests\EmpPortal.Application.UnitTests\EmpPortal.Application.UnitTests.csproj", "{BED53876-B4B1-4EE3-B373-95ACC87F05DB}"
EndProject
Project("{FAE04EC0-301F-11D3-BF4B-00C04F79EFBC}") = "EmpPortal.Infrastructure.IntegrationTests", "tests\EmpPortal.Infrastructure.IntegrationTests\EmpPortal.Infrastructure.IntegrationTests.csproj", "{1C6BE3B8-4EB7-42CB-897F-479B533754CA}"
EndProject
Project("{FAE04EC0-301F-11D3-BF4B-00C04F79EFBC}") = "EmpPortal.ArchitectureTests", "tests\EmpPortal.ArchitectureTests\EmpPortal.ArchitectureTests.csproj", "{2AF5854F-B8A8-49DF-8F2C-C96E69477DEE}"
EndProject
Project("{FAE04EC0-301F-11D3-BF4B-00C04F79EFBC}") = "EmpPortal.Web.IntegrationTests", "tests\EmpPortal.Web.IntegrationTests\EmpPortal.Web.IntegrationTests.csproj", "{11F35E1D-33EF-4288-BF09-C0D09D35EC38}"
EndProject
Global
	GlobalSection(SolutionConfigurationPlatforms) = preSolution
		Debug|Any CPU = Debug|Any CPU
		Debug|x64 = Debug|x64
		Debug|x86 = Debug|x86
		Release|Any CPU = Release|Any CPU
		Release|x64 = Release|x64
		Release|x86 = Release|x86
	EndGlobalSection
	GlobalSection(ProjectConfigurationPlatforms) = postSolution
		{F0F7673B-3C3C-4BFB-9BB4-B59E496ED210}.Debug|Any CPU.ActiveCfg = Debug|Any CPU
		{F0F7673B-3C3C-4BFB-9BB4-B59E496ED210}.Debug|Any CPU.Build.0 = Debug|Any CPU
		{F0F7673B-3C3C-4BFB-9BB4-B59E496ED210}.Debug|x64.ActiveCfg = Debug|Any CPU
		{F0F7673B-3C3C-4BFB-9BB4-B59E496ED210}.Debug|x64.Build.0 = Debug|Any CPU
		{F0F7673B-3C3C-4BFB-9BB4-B59E496ED210}.Debug|x86.ActiveCfg = Debug|Any CPU
		{F0F7673B-3C3C-4BFB-9BB4-B59E496ED210}.Debug|x86.Build.0 = Debug|Any CPU
		{F0F7673B-3C3C-4BFB-9BB4-B59E496ED210}.Release|Any CPU.ActiveCfg = Release|Any CPU
		{F0F7673B-3C3C-4BFB-9BB4-B59E496ED210}.Release|Any CPU.Build.0 = Release|Any CPU
		{F0F7673B-3C3C-4BFB-9BB4-B59E496ED210}.Release|x64.ActiveCfg = Release|Any CPU
		{F0F7673B-3C3C-4BFB-9BB4-B59E496ED210}.Release|x64.Build.0 = Release|Any CPU
		{F0F7673B-3C3C-4BFB-9BB4-B59E496ED210}.Release|x86.ActiveCfg = Release|Any CPU
		{F0F7673B-3C3C-4BFB-9BB4-B59E496ED210}.Release|x86.Build.0 = Release|Any CPU
		{64C73C9D-4DE7-49AB-9C50-6654B96F9082}.Debug|Any CPU.ActiveCfg = Debug|Any CPU
		{64C73C9D-4DE7-49AB-9C50-6654B96F9082}.Debug|Any CPU.Build.0 = Debug|Any CPU
		{64C73C9D-4DE7-49AB-9C50-6654B96F9082}.Debug|x64.ActiveCfg = Debug|Any CPU
		{64C73C9D-4DE7-49AB-9C50-6654B96F9082}.Debug|x64.Build.0 = Debug|Any CPU
		{64C73C9D-4DE7-49AB-9C50-6654B96F9082}.Debug|x86.ActiveCfg = Debug|Any CPU
		{64C73C9D-4DE7-49AB-9C50-6654B96F9082}.Debug|x86.Build.0 = Debug|Any CPU
		{64C73C9D-4DE7-49AB-9C50-6654B96F9082}.Release|Any CPU.ActiveCfg = Release|Any CPU
		{64C73C9D-4DE7-49AB-9C50-6654B96F9082}.Release|Any CPU.Build.0 = Release|Any CPU
		{64C73C9D-4DE7-49AB-9C50-6654B96F9082}.Release|x64.ActiveCfg = Release|Any CPU
		{64C73C9D-4DE7-49AB-9C50-6654B96F9082}.Release|x64.Build.0 = Release|Any CPU
		{64C73C9D-4DE7-49AB-9C50-6654B96F9082}.Release|x86.ActiveCfg = Release|Any CPU
		{64C73C9D-4DE7-49AB-9C50-6654B96F9082}.Release|x86.Build.0 = Release|Any CPU
		{FAC6DCB4-793A-4267-91EC-B0CF2E8BE024}.Debug|Any CPU.ActiveCfg = Debug|Any CPU
		{FAC6DCB4-793A-4267-91EC-B0CF2E8BE024}.Debug|Any CPU.Build.0 = Debug|Any CPU
		{FAC6DCB4-793A-4267-91EC-B0CF2E8BE024}.Debug|x64.ActiveCfg = Debug|Any CPU
		{FAC6DCB4-793A-4267-91EC-B0CF2E8BE024}.Debug|x64.Build.0 = Debug|Any CPU
		{FAC6DCB4-793A-4267-91EC-B0CF2E8BE024}.Debug|x86.ActiveCfg = Debug|Any CPU
		{FAC6DCB4-793A-4267-91EC-B0CF2E8BE024}.Debug|x86.Build.0 = Debug|Any CPU
		{FAC6DCB4-793A-4267-91EC-B0CF2E8BE024}.Release|Any CPU.ActiveCfg = Release|Any CPU
		{FAC6DCB4-793A-4267-91EC-B0CF2E8BE024}.Release|Any CPU.Build.0 = Release|Any CPU
		{FAC6DCB4-793A-4267-91EC-B0CF2E8BE024}.Release|x64.ActiveCfg = Release|Any CPU
		{FAC6DCB4-793A-4267-91EC-B0CF2E8BE024}.Release|x64.Build.0 = Release|Any CPU
		{FAC6DCB4-793A-4267-91EC-B0CF2E8BE024}.Release|x86.ActiveCfg = Release|Any CPU
		{FAC6DCB4-793A-4267-91EC-B0CF2E8BE024}.Release|x86.Build.0 = Release|Any CPU
		{1550DB7C-DA23-48CA-BD17-891EB0087042}.Debug|Any CPU.ActiveCfg = Debug|Any CPU
		{1550DB7C-DA23-48CA-BD17-891EB0087042}.Debug|Any CPU.Build.0 = Debug|Any CPU
		{1550DB7C-DA23-48CA-BD17-891EB0087042}.Debug|x64.ActiveCfg = Debug|Any CPU
		{1550DB7C-DA23-48CA-BD17-891EB0087042}.Debug|x64.Build.0 = Debug|Any CPU
		{1550DB7C-DA23-48CA-BD17-891EB0087042}.Debug|x86.ActiveCfg = Debug|Any CPU
		{1550DB7C-DA23-48CA-BD17-891EB0087042}.Debug|x86.Build.0 = Debug|Any CPU
		{1550DB7C-DA23-48CA-BD17-891EB0087042}.Release|Any CPU.ActiveCfg = Release|Any CPU
		{1550DB7C-DA23-48CA-BD17-891EB0087042}.Release|Any CPU.Build.0 = Release|Any CPU
		{1550DB7C-DA23-48CA-BD17-891EB0087042}.Release|x64.ActiveCfg = Release|Any CPU
		{1550DB7C-DA23-48CA-BD17-891EB0087042}.Release|x64.Build.0 = Release|Any CPU
		{1550DB7C-DA23-48CA-BD17-891EB0087042}.Release|x86.ActiveCfg = Release|Any CPU
		{1550DB7C-DA23-48CA-BD17-891EB0087042}.Release|x86.Build.0 = Release|Any CPU
		{81C7882E-9654-4BA1-A0F1-F90F64C17C75}.Debug|Any CPU.ActiveCfg = Debug|Any CPU
		{81C7882E-9654-4BA1-A0F1-F90F64C17C75}.Debug|Any CPU.Build.0 = Debug|Any CPU
		{81C7882E-9654-4BA1-A0F1-F90F64C17C75}.Debug|x64.ActiveCfg = Debug|Any CPU
		{81C7882E-9654-4BA1-A0F1-F90F64C17C75}.Debug|x64.Build.0 = Debug|Any CPU
		{81C7882E-9654-4BA1-A0F1-F90F64C17C75}.Debug|x86.ActiveCfg = Debug|Any CPU
		{81C7882E-9654-4BA1-A0F1-F90F64C17C75}.Debug|x86.Build.0 = Debug|Any CPU
		{81C7882E-9654-4BA1-A0F1-F90F64C17C75}.Release|Any CPU.ActiveCfg = Release|Any CPU
		{81C7882E-9654-4BA1-A0F1-F90F64C17C75}.Release|Any CPU.Build.0 = Release|Any CPU
		{81C7882E-9654-4BA1-A0F1-F90F64C17C75}.Release|x64.ActiveCfg = Release|Any CPU
		{81C7882E-9654-4BA1-A0F1-F90F64C17C75}.Release|x64.Build.0 = Release|Any CPU
		{81C7882E-9654-4BA1-A0F1-F90F64C17C75}.Release|x86.ActiveCfg = Release|Any CPU
		{81C7882E-9654-4BA1-A0F1-F90F64C17C75}.Release|x86.Build.0 = Release|Any CPU
		{BED53876-B4B1-4EE3-B373-95ACC87F05DB}.Debug|Any CPU.ActiveCfg = Debug|Any CPU
		{BED53876-B4B1-4EE3-B373-95ACC87F05DB}.Debug|Any CPU.Build.0 = Debug|Any CPU
		{BED53876-B4B1-4EE3-B373-95ACC87F05DB}.Debug|x64.ActiveCfg = Debug|Any CPU
		{BED53876-B4B1-4EE3-B373-95ACC87F05DB}.Debug|x64.Build.0 = Debug|Any CPU
		{BED53876-B4B1-4EE3-B373-95ACC87F05DB}.Debug|x86.ActiveCfg = Debug|Any CPU
		{BED53876-B4B1-4EE3-B373-95ACC87F05DB}.Debug|x86.Build.0 = Debug|Any CPU
		{BED53876-B4B1-4EE3-B373-95ACC87F05DB}.Release|Any CPU.ActiveCfg = Release|Any CPU
		{BED53876-B4B1-4EE3-B373-95ACC87F05DB}.Release|Any CPU.Build.0 = Release|Any CPU
		{BED53876-B4B1-4EE3-B373-95ACC87F05DB}.Release|x64.ActiveCfg = Release|Any CPU
		{BED53876-B4B1-4EE3-B373-95ACC87F05DB}.Release|x64.Build.0 = Release|Any CPU
		{BED53876-B4B1-4EE3-B373-95ACC87F05DB}.Release|x86.ActiveCfg = Release|Any CPU
		{BED53876-B4B1-4EE3-B373-95ACC87F05DB}.Release|x86.Build.0 = Release|Any CPU
		{1C6BE3B8-4EB7-42CB-897F-479B533754CA}.Debug|Any CPU.ActiveCfg = Debug|Any CPU
		{1C6BE3B8-4EB7-42CB-897F-479B533754CA}.Debug|Any CPU.Build.0 = Debug|Any CPU
		{1C6BE3B8-4EB7-42CB-897F-479B533754CA}.Debug|x64.ActiveCfg = Debug|Any CPU
		{1C6BE3B8-4EB7-42CB-897F-479B533754CA}.Debug|x64.Build.0 = Debug|Any CPU
		{1C6BE3B8-4EB7-42CB-897F-479B533754CA}.Debug|x86.ActiveCfg = Debug|Any CPU
		{1C6BE3B8-4EB7-42CB-897F-479B533754CA}.Debug|x86.Build.0 = Debug|Any CPU
		{1C6BE3B8-4EB7-42CB-897F-479B533754CA}.Release|Any CPU.ActiveCfg = Release|Any CPU
		{1C6BE3B8-4EB7-42CB-897F-479B533754CA}.Release|Any CPU.Build.0 = Release|Any CPU
		{1C6BE3B8-4EB7-42CB-897F-479B533754CA}.Release|x64.ActiveCfg = Release|Any CPU
		{1C6BE3B8-4EB7-42CB-897F-479B533754CA}.Release|x64.Build.0 = Release|Any CPU
		{1C6BE3B8-4EB7-42CB-897F-479B533754CA}.Release|x86.ActiveCfg = Release|Any CPU
		{1C6BE3B8-4EB7-42CB-897F-479B533754CA}.Release|x86.Build.0 = Release|Any CPU
		{2AF5854F-B8A8-49DF-8F2C-C96E69477DEE}.Debug|Any CPU.ActiveCfg = Debug|Any CPU
		{2AF5854F-B8A8-49DF-8F2C-C96E69477DEE}.Debug|Any CPU.Build.0 = Debug|Any CPU
		{2AF5854F-B8A8-49DF-8F2C-C96E69477DEE}.Debug|x64.ActiveCfg = Debug|Any CPU
		{2AF5854F-B8A8-49DF-8F2C-C96E69477DEE}.Debug|x64.Build.0 = Debug|Any CPU
		{2AF5854F-B8A8-49DF-8F2C-C96E69477DEE}.Debug|x86.ActiveCfg = Debug|Any CPU
		{2AF5854F-B8A8-49DF-8F2C-C96E69477DEE}.Debug|x86.Build.0 = Debug|Any CPU
		{2AF5854F-B8A8-49DF-8F2C-C96E69477DEE}.Release|Any CPU.ActiveCfg = Release|Any CPU
		{2AF5854F-B8A8-49DF-8F2C-C96E69477DEE}.Release|Any CPU.Build.0 = Release|Any CPU
		{2AF5854F-B8A8-49DF-8F2C-C96E69477DEE}.Release|x64.ActiveCfg = Release|Any CPU
		{2AF5854F-B8A8-49DF-8F2C-C96E69477DEE}.Release|x64.Build.0 = Release|Any CPU
		{2AF5854F-B8A8-49DF-8F2C-C96E69477DEE}.Release|x86.ActiveCfg = Release|Any CPU
		{2AF5854F-B8A8-49DF-8F2C-C96E69477DEE}.Release|x86.Build.0 = Release|Any CPU
		{11F35E1D-33EF-4288-BF09-C0D09D35EC38}.Debug|Any CPU.ActiveCfg = Debug|Any CPU
		{11F35E1D-33EF-4288-BF09-C0D09D35EC38}.Debug|Any CPU.Build.0 = Debug|Any CPU
		{11F35E1D-33EF-4288-BF09-C0D09D35EC38}.Debug|x64.ActiveCfg = Debug|Any CPU
		{11F35E1D-33EF-4288-BF09-C0D09D35EC38}.Debug|x64.Build.0 = Debug|Any CPU
		{11F35E1D-33EF-4288-BF09-C0D09D35EC38}.Debug|x86.ActiveCfg = Debug|Any CPU
		{11F35E1D-33EF-4288-BF09-C0D09D35EC38}.Debug|x86.Build.0 = Debug|Any CPU
		{11F35E1D-33EF-4288-BF09-C0D09D35EC38}.Release|Any CPU.ActiveCfg = Release|Any CPU
		{11F35E1D-33EF-4288-BF09-C0D09D35EC38}.Release|Any CPU.Build.0 = Release|Any CPU
		{11F35E1D-33EF-4288-BF09-C0D09D35EC38}.Release|x64.ActiveCfg = Release|Any CPU
		{11F35E1D-33EF-4288-BF09-C0D09D35EC38}.Release|x64.Build.0 = Release|Any CPU
		{11F35E1D-33EF-4288-BF09-C0D09D35EC38}.Release|x86.ActiveCfg = Release|Any CPU
		{11F35E1D-33EF-4288-BF09-C0D09D35EC38}.Release|x86.Build.0 = Release|Any CPU
	EndGlobalSection
	GlobalSection(SolutionProperties) = preSolution
		HideSolutionNode = FALSE
	EndGlobalSection
	GlobalSection(NestedProjects) = preSolution
		{F0F7673B-3C3C-4BFB-9BB4-B59E496ED210} = {827E0CD3-B72D-47B6-A68D-7590B98EB39B}
		{64C73C9D-4DE7-49AB-9C50-6654B96F9082} = {827E0CD3-B72D-47B6-A68D-7590B98EB39B}
		{FAC6DCB4-793A-4267-91EC-B0CF2E8BE024} = {827E0CD3-B72D-47B6-A68D-7590B98EB39B}
		{1550DB7C-DA23-48CA-BD17-891EB0087042} = {827E0CD3-B72D-47B6-A68D-7590B98EB39B}
		{81C7882E-9654-4BA1-A0F1-F90F64C17C75} = {0AB3BF05-4346-4AA6-1389-037BE0695223}
		{BED53876-B4B1-4EE3-B373-95ACC87F05DB} = {0AB3BF05-4346-4AA6-1389-037BE0695223}
		{1C6BE3B8-4EB7-42CB-897F-479B533754CA} = {0AB3BF05-4346-4AA6-1389-037BE0695223}
		{2AF5854F-B8A8-49DF-8F2C-C96E69477DEE} = {0AB3BF05-4346-4AA6-1389-037BE0695223}
		{11F35E1D-33EF-4288-BF09-C0D09D35EC38} = {0AB3BF05-4346-4AA6-1389-037BE0695223}
	EndGlobalSection
EndGlobal
